// !$*UTF8*$!
{
	archiveVersion = 1;
	classes = {
	};
	objectVersion = 46;
	objects = {

/* Begin PBXBuildFile section */
		37136B8B1CC8E8670052A2EA /* UIImage+Extension.m in Sources */ = {isa = PBXBuildFile; fileRef = 37136B8A1CC8E8670052A2EA /* UIImage+Extension.m */; };
		37136B921CC8FEDD0052A2EA /* ZCTabBar.m in Sources */ = {isa = PBXBuildFile; fileRef = 37136B911CC8FEDD0052A2EA /* ZCTabBar.m */; };
		37136B951CC9016C0052A2EA /* UIBarButtonItem+Extension.m in Sources */ = {isa = PBXBuildFile; fileRef = 37136B941CC9016C0052A2EA /* UIBarButtonItem+Extension.m */; };
		37136B981CC90B0C0052A2EA /* ZCTitleButton.m in Sources */ = {isa = PBXBuildFile; fileRef = 37136B971CC90B0C0052A2EA /* ZCTitleButton.m */; };
		37308E5A1CC9EC910086B7DD /* ZCSearchBar.m in Sources */ = {isa = PBXBuildFile; fileRef = 37308E591CC9EC910086B7DD /* ZCSearchBar.m */; };
		37308E5D1CC9F2E30086B7DD /* ZCDropDownMenu.m in Sources */ = {isa = PBXBuildFile; fileRef = 37308E5C1CC9F2E30086B7DD /* ZCDropDownMenu.m */; };
		37308E671CCA144D0086B7DD /* ZCNewfeatureController.m in Sources */ = {isa = PBXBuildFile; fileRef = 37308E661CCA144D0086B7DD /* ZCNewfeatureController.m */; };
		37308E691CCA14780086B7DD /* AppDelegate.m in Sources */ = {isa = PBXBuildFile; fileRef = 37308E681CCA14780086B7DD /* AppDelegate.m */; };
		37308E6C1CCA63300086B7DD /* UIView+Extension.m in Sources */ = {isa = PBXBuildFile; fileRef = 37308E6B1CCA63300086B7DD /* UIView+Extension.m */; };
		375B95901CCB5CFC004DF65E /* UIWindow+Extension.m in Sources */ = {isa = PBXBuildFile; fileRef = 375B958F1CCB5CFC004DF65E /* UIWindow+Extension.m */; };
		378E461B1CC8ACFA00DE8EF5 /* main.m in Sources */ = {isa = PBXBuildFile; fileRef = 378E461A1CC8ACFA00DE8EF5 /* main.m */; };
		378E46261CC8ACFA00DE8EF5 /* Assets.xcassets in Resources */ = {isa = PBXBuildFile; fileRef = 378E46251CC8ACFA00DE8EF5 /* Assets.xcassets */; };
		378E46341CC8ACFA00DE8EF5 /* OrangeStatusTests.m in Sources */ = {isa = PBXBuildFile; fileRef = 378E46331CC8ACFA00DE8EF5 /* OrangeStatusTests.m */; };
		378E463F1CC8ACFA00DE8EF5 /* OrangeStatusUITests.m in Sources */ = {isa = PBXBuildFile; fileRef = 378E463E1CC8ACFA00DE8EF5 /* OrangeStatusUITests.m */; };
		378E46671CC8B9BF00DE8EF5 /* ZCDiscoverController.m in Sources */ = {isa = PBXBuildFile; fileRef = 378E46661CC8B9BF00DE8EF5 /* ZCDiscoverController.m */; };
		378E466A1CC8B9D000DE8EF5 /* ZCHomeController.m in Sources */ = {isa = PBXBuildFile; fileRef = 378E46691CC8B9D000DE8EF5 /* ZCHomeController.m */; };
		378E466D1CC8B9EC00DE8EF5 /* ZCNavigaionController.m in Sources */ = {isa = PBXBuildFile; fileRef = 378E466C1CC8B9EC00DE8EF5 /* ZCNavigaionController.m */; };
		378E46701CC8B9FF00DE8EF5 /* ZCTabBarController.m in Sources */ = {isa = PBXBuildFile; fileRef = 378E466F1CC8B9FF00DE8EF5 /* ZCTabBarController.m */; };
		378E46731CC8BA1700DE8EF5 /* ZCMessageController.m in Sources */ = {isa = PBXBuildFile; fileRef = 378E46721CC8BA1700DE8EF5 /* ZCMessageController.m */; };
		378E46761CC8BA2A00DE8EF5 /* ZCProfileController.m in Sources */ = {isa = PBXBuildFile; fileRef = 378E46751CC8BA2A00DE8EF5 /* ZCProfileController.m */; };
		3793CABA1CCBAAEA00ED486F /* MKAnnotationView+WebCache.m in Sources */ = {isa = PBXBuildFile; fileRef = 3793CA9A1CCBAAEA00ED486F /* MKAnnotationView+WebCache.m */; };
		3793CABB1CCBAAEA00ED486F /* NSData+ImageContentType.m in Sources */ = {isa = PBXBuildFile; fileRef = 3793CA9C1CCBAAEA00ED486F /* NSData+ImageContentType.m */; };
		3793CABC1CCBAAEA00ED486F /* SDImageCache.m in Sources */ = {isa = PBXBuildFile; fileRef = 3793CA9E1CCBAAEA00ED486F /* SDImageCache.m */; };
		3793CABD1CCBAAEA00ED486F /* SDWebImageCompat.m in Sources */ = {isa = PBXBuildFile; fileRef = 3793CAA01CCBAAEA00ED486F /* SDWebImageCompat.m */; };
		3793CABE1CCBAAEA00ED486F /* SDWebImageDecoder.m in Sources */ = {isa = PBXBuildFile; fileRef = 3793CAA21CCBAAEA00ED486F /* SDWebImageDecoder.m */; };
		3793CABF1CCBAAEA00ED486F /* SDWebImageDownloader.m in Sources */ = {isa = PBXBuildFile; fileRef = 3793CAA41CCBAAEA00ED486F /* SDWebImageDownloader.m */; };
		3793CAC01CCBAAEA00ED486F /* SDWebImageDownloaderOperation.m in Sources */ = {isa = PBXBuildFile; fileRef = 3793CAA61CCBAAEA00ED486F /* SDWebImageDownloaderOperation.m */; };
		3793CAC11CCBAAEA00ED486F /* SDWebImageManager.m in Sources */ = {isa = PBXBuildFile; fileRef = 3793CAA81CCBAAEA00ED486F /* SDWebImageManager.m */; };
		3793CAC21CCBAAEA00ED486F /* SDWebImagePrefetcher.m in Sources */ = {isa = PBXBuildFile; fileRef = 3793CAAB1CCBAAEA00ED486F /* SDWebImagePrefetcher.m */; };
		3793CAC31CCBAAEA00ED486F /* UIButton+WebCache.m in Sources */ = {isa = PBXBuildFile; fileRef = 3793CAAD1CCBAAEA00ED486F /* UIButton+WebCache.m */; };
		3793CAC41CCBAAEA00ED486F /* UIImage+GIF.m in Sources */ = {isa = PBXBuildFile; fileRef = 3793CAAF1CCBAAEA00ED486F /* UIImage+GIF.m */; };
		3793CAC51CCBAAEA00ED486F /* UIImage+MultiFormat.m in Sources */ = {isa = PBXBuildFile; fileRef = 3793CAB11CCBAAEA00ED486F /* UIImage+MultiFormat.m */; };
		3793CAC61CCBAAEA00ED486F /* UIImage+WebP.m in Sources */ = {isa = PBXBuildFile; fileRef = 3793CAB31CCBAAEA00ED486F /* UIImage+WebP.m */; };
		3793CAC71CCBAAEA00ED486F /* UIImageView+HighlightedWebCache.m in Sources */ = {isa = PBXBuildFile; fileRef = 3793CAB51CCBAAEA00ED486F /* UIImageView+HighlightedWebCache.m */; };
		3793CAC81CCBAAEA00ED486F /* UIImageView+WebCache.m in Sources */ = {isa = PBXBuildFile; fileRef = 3793CAB71CCBAAEA00ED486F /* UIImageView+WebCache.m */; };
		3793CAC91CCBAAEA00ED486F /* UIView+WebCacheOperation.m in Sources */ = {isa = PBXBuildFile; fileRef = 3793CAB91CCBAAEA00ED486F /* UIView+WebCacheOperation.m */; };
		37CA633E1CCBB22700C6F230 /* ZCUser.m in Sources */ = {isa = PBXBuildFile; fileRef = 37CA633D1CCBB22700C6F230 /* ZCUser.m */; };
		37CA63411CCBB23600C6F230 /* ZCStatus.m in Sources */ = {isa = PBXBuildFile; fileRef = 37CA63401CCBB23600C6F230 /* ZCStatus.m */; };
		37D120911CCB462C00CC2E28 /* ZCAccount.m in Sources */ = {isa = PBXBuildFile; fileRef = 37D120901CCB462C00CC2E28 /* ZCAccount.m */; };
		37D120951CCB4AEF00CC2E28 /* MBProgressHUD+MJ.m in Sources */ = {isa = PBXBuildFile; fileRef = 37D120941CCB4AEF00CC2E28 /* MBProgressHUD+MJ.m */; };
		37D120991CCB521300CC2E28 /* ZCAccountTool.m in Sources */ = {isa = PBXBuildFile; fileRef = 37D120981CCB521300CC2E28 /* ZCAccountTool.m */; };
		37EFB0C11CCB2A4700C17723 /* ZCOAuthController.m in Sources */ = {isa = PBXBuildFile; fileRef = 37EFB0C01CCB2A4700C17723 /* ZCOAuthController.m */; };
		582315994CF84AF71259385E /* libPods.a in Frameworks */ = {isa = PBXBuildFile; fileRef = 8249A114EE53A17EF449A56E /* libPods.a */; };
/* End PBXBuildFile section */

/* Begin PBXContainerItemProxy section */
		378E46301CC8ACFA00DE8EF5 /* PBXContainerItemProxy */ = {
			isa = PBXContainerItemProxy;
			containerPortal = 378E460E1CC8ACFA00DE8EF5 /* Project object */;
			proxyType = 1;
			remoteGlobalIDString = 378E46151CC8ACFA00DE8EF5;
			remoteInfo = OrangeStatus;
		};
		378E463B1CC8ACFA00DE8EF5 /* PBXContainerItemProxy */ = {
			isa = PBXContainerItemProxy;
			containerPortal = 378E460E1CC8ACFA00DE8EF5 /* Project object */;
			proxyType = 1;
			remoteGlobalIDString = 378E46151CC8ACFA00DE8EF5;
			remoteInfo = OrangeStatus;
		};
/* End PBXContainerItemProxy section */

/* Begin PBXFileReference section */
		37136B891CC8E8670052A2EA /* UIImage+Extension.h */ = {isa = PBXFileReference; fileEncoding = 4; lastKnownFileType = sourcecode.c.h; path = "UIImage+Extension.h"; sourceTree = "<group>"; };
		37136B8A1CC8E8670052A2EA /* UIImage+Extension.m */ = {isa = PBXFileReference; fileEncoding = 4; lastKnownFileType = sourcecode.c.objc; path = "UIImage+Extension.m"; sourceTree = "<group>"; };
		37136B901CC8FEDD0052A2EA /* ZCTabBar.h */ = {isa = PBXFileReference; fileEncoding = 4; lastKnownFileType = sourcecode.c.h; path = ZCTabBar.h; sourceTree = "<group>"; };
		37136B911CC8FEDD0052A2EA /* ZCTabBar.m */ = {isa = PBXFileReference; fileEncoding = 4; lastKnownFileType = sourcecode.c.objc; path = ZCTabBar.m; sourceTree = "<group>"; };
		37136B931CC9016C0052A2EA /* UIBarButtonItem+Extension.h */ = {isa = PBXFileReference; fileEncoding = 4; lastKnownFileType = sourcecode.c.h; path = "UIBarButtonItem+Extension.h"; sourceTree = "<group>"; };
		37136B941CC9016C0052A2EA /* UIBarButtonItem+Extension.m */ = {isa = PBXFileReference; fileEncoding = 4; lastKnownFileType = sourcecode.c.objc; path = "UIBarButtonItem+Extension.m"; sourceTree = "<group>"; };
		37136B961CC90B0C0052A2EA /* ZCTitleButton.h */ = {isa = PBXFileReference; fileEncoding = 4; lastKnownFileType = sourcecode.c.h; path = ZCTitleButton.h; sourceTree = "<group>"; };
		37136B971CC90B0C0052A2EA /* ZCTitleButton.m */ = {isa = PBXFileReference; fileEncoding = 4; lastKnownFileType = sourcecode.c.objc; path = ZCTitleButton.m; sourceTree = "<group>"; };
		37136B9F1CC912970052A2EA /* PrefixHeader.pch */ = {isa = PBXFileReference; lastKnownFileType = sourcecode.c.h; path = PrefixHeader.pch; sourceTree = "<group>"; };
		37308E581CC9EC910086B7DD /* ZCSearchBar.h */ = {isa = PBXFileReference; fileEncoding = 4; lastKnownFileType = sourcecode.c.h; path = ZCSearchBar.h; sourceTree = "<group>"; };
		37308E591CC9EC910086B7DD /* ZCSearchBar.m */ = {isa = PBXFileReference; fileEncoding = 4; lastKnownFileType = sourcecode.c.objc; path = ZCSearchBar.m; sourceTree = "<group>"; };
		37308E5B1CC9F2E30086B7DD /* ZCDropDownMenu.h */ = {isa = PBXFileReference; fileEncoding = 4; lastKnownFileType = sourcecode.c.h; path = ZCDropDownMenu.h; sourceTree = "<group>"; };
		37308E5C1CC9F2E30086B7DD /* ZCDropDownMenu.m */ = {isa = PBXFileReference; fileEncoding = 4; lastKnownFileType = sourcecode.c.objc; path = ZCDropDownMenu.m; sourceTree = "<group>"; };
		37308E651CCA144D0086B7DD /* ZCNewfeatureController.h */ = {isa = PBXFileReference; fileEncoding = 4; lastKnownFileType = sourcecode.c.h; path = ZCNewfeatureController.h; sourceTree = "<group>"; };
		37308E661CCA144D0086B7DD /* ZCNewfeatureController.m */ = {isa = PBXFileReference; fileEncoding = 4; lastKnownFileType = sourcecode.c.objc; path = ZCNewfeatureController.m; sourceTree = "<group>"; };
		37308E681CCA14780086B7DD /* AppDelegate.m */ = {isa = PBXFileReference; fileEncoding = 4; lastKnownFileType = sourcecode.c.objc; path = AppDelegate.m; sourceTree = "<group>"; };
		37308E6A1CCA63300086B7DD /* UIView+Extension.h */ = {isa = PBXFileReference; fileEncoding = 4; lastKnownFileType = sourcecode.c.h; path = "UIView+Extension.h"; sourceTree = "<group>"; };
		37308E6B1CCA63300086B7DD /* UIView+Extension.m */ = {isa = PBXFileReference; fileEncoding = 4; lastKnownFileType = sourcecode.c.objc; path = "UIView+Extension.m"; sourceTree = "<group>"; };
		375B958E1CCB5CFC004DF65E /* UIWindow+Extension.h */ = {isa = PBXFileReference; fileEncoding = 4; lastKnownFileType = sourcecode.c.h; path = "UIWindow+Extension.h"; sourceTree = "<group>"; };
		375B958F1CCB5CFC004DF65E /* UIWindow+Extension.m */ = {isa = PBXFileReference; fileEncoding = 4; lastKnownFileType = sourcecode.c.objc; path = "UIWindow+Extension.m"; sourceTree = "<group>"; };
		378E46161CC8ACFA00DE8EF5 /* OrangeStatus.app */ = {isa = PBXFileReference; explicitFileType = wrapper.application; includeInIndex = 0; path = OrangeStatus.app; sourceTree = BUILT_PRODUCTS_DIR; };
		378E461A1CC8ACFA00DE8EF5 /* main.m */ = {isa = PBXFileReference; lastKnownFileType = sourcecode.c.objc; path = main.m; sourceTree = "<group>"; };
		378E46251CC8ACFA00DE8EF5 /* Assets.xcassets */ = {isa = PBXFileReference; lastKnownFileType = folder.assetcatalog; path = Assets.xcassets; sourceTree = "<group>"; };
		378E462A1CC8ACFA00DE8EF5 /* Info.plist */ = {isa = PBXFileReference; lastKnownFileType = text.plist.xml; path = Info.plist; sourceTree = "<group>"; };
		378E462F1CC8ACFA00DE8EF5 /* OrangeStatusTests.xctest */ = {isa = PBXFileReference; explicitFileType = wrapper.cfbundle; includeInIndex = 0; path = OrangeStatusTests.xctest; sourceTree = BUILT_PRODUCTS_DIR; };
		378E46331CC8ACFA00DE8EF5 /* OrangeStatusTests.m */ = {isa = PBXFileReference; lastKnownFileType = sourcecode.c.objc; path = OrangeStatusTests.m; sourceTree = "<group>"; };
		378E46351CC8ACFA00DE8EF5 /* Info.plist */ = {isa = PBXFileReference; lastKnownFileType = text.plist.xml; path = Info.plist; sourceTree = "<group>"; };
		378E463A1CC8ACFA00DE8EF5 /* OrangeStatusUITests.xctest */ = {isa = PBXFileReference; explicitFileType = wrapper.cfbundle; includeInIndex = 0; path = OrangeStatusUITests.xctest; sourceTree = BUILT_PRODUCTS_DIR; };
		378E463E1CC8ACFA00DE8EF5 /* OrangeStatusUITests.m */ = {isa = PBXFileReference; lastKnownFileType = sourcecode.c.objc; path = OrangeStatusUITests.m; sourceTree = "<group>"; };
		378E46401CC8ACFA00DE8EF5 /* Info.plist */ = {isa = PBXFileReference; lastKnownFileType = text.plist.xml; path = Info.plist; sourceTree = "<group>"; };
		378E46591CC8B93E00DE8EF5 /* AppDelegate.h */ = {isa = PBXFileReference; fileEncoding = 4; lastKnownFileType = sourcecode.c.h; path = AppDelegate.h; sourceTree = "<group>"; };
		378E46651CC8B9BF00DE8EF5 /* ZCDiscoverController.h */ = {isa = PBXFileReference; fileEncoding = 4; lastKnownFileType = sourcecode.c.h; path = ZCDiscoverController.h; sourceTree = "<group>"; };
		378E46661CC8B9BF00DE8EF5 /* ZCDiscoverController.m */ = {isa = PBXFileReference; fileEncoding = 4; lastKnownFileType = sourcecode.c.objc; path = ZCDiscoverController.m; sourceTree = "<group>"; };
		378E46681CC8B9D000DE8EF5 /* ZCHomeController.h */ = {isa = PBXFileReference; fileEncoding = 4; lastKnownFileType = sourcecode.c.h; path = ZCHomeController.h; sourceTree = "<group>"; };
		378E46691CC8B9D000DE8EF5 /* ZCHomeController.m */ = {isa = PBXFileReference; fileEncoding = 4; lastKnownFileType = sourcecode.c.objc; path = ZCHomeController.m; sourceTree = "<group>"; };
		378E466B1CC8B9EC00DE8EF5 /* ZCNavigaionController.h */ = {isa = PBXFileReference; fileEncoding = 4; lastKnownFileType = sourcecode.c.h; path = ZCNavigaionController.h; sourceTree = "<group>"; };
		378E466C1CC8B9EC00DE8EF5 /* ZCNavigaionController.m */ = {isa = PBXFileReference; fileEncoding = 4; lastKnownFileType = sourcecode.c.objc; path = ZCNavigaionController.m; sourceTree = "<group>"; };
		378E466E1CC8B9FF00DE8EF5 /* ZCTabBarController.h */ = {isa = PBXFileReference; fileEncoding = 4; lastKnownFileType = sourcecode.c.h; path = ZCTabBarController.h; sourceTree = "<group>"; };
		378E466F1CC8B9FF00DE8EF5 /* ZCTabBarController.m */ = {isa = PBXFileReference; fileEncoding = 4; lastKnownFileType = sourcecode.c.objc; path = ZCTabBarController.m; sourceTree = "<group>"; };
		378E46711CC8BA1700DE8EF5 /* ZCMessageController.h */ = {isa = PBXFileReference; fileEncoding = 4; lastKnownFileType = sourcecode.c.h; path = ZCMessageController.h; sourceTree = "<group>"; };
		378E46721CC8BA1700DE8EF5 /* ZCMessageController.m */ = {isa = PBXFileReference; fileEncoding = 4; lastKnownFileType = sourcecode.c.objc; path = ZCMessageController.m; sourceTree = "<group>"; };
		378E46741CC8BA2A00DE8EF5 /* ZCProfileController.h */ = {isa = PBXFileReference; fileEncoding = 4; lastKnownFileType = sourcecode.c.h; path = ZCProfileController.h; sourceTree = "<group>"; };
		378E46751CC8BA2A00DE8EF5 /* ZCProfileController.m */ = {isa = PBXFileReference; fileEncoding = 4; lastKnownFileType = sourcecode.c.objc; path = ZCProfileController.m; sourceTree = "<group>"; };
		3793CA991CCBAAEA00ED486F /* MKAnnotationView+WebCache.h */ = {isa = PBXFileReference; fileEncoding = 4; lastKnownFileType = sourcecode.c.h; path = "MKAnnotationView+WebCache.h"; sourceTree = "<group>"; };
		3793CA9A1CCBAAEA00ED486F /* MKAnnotationView+WebCache.m */ = {isa = PBXFileReference; fileEncoding = 4; lastKnownFileType = sourcecode.c.objc; path = "MKAnnotationView+WebCache.m"; sourceTree = "<group>"; };
		3793CA9B1CCBAAEA00ED486F /* NSData+ImageContentType.h */ = {isa = PBXFileReference; fileEncoding = 4; lastKnownFileType = sourcecode.c.h; path = "NSData+ImageContentType.h"; sourceTree = "<group>"; };
		3793CA9C1CCBAAEA00ED486F /* NSData+ImageContentType.m */ = {isa = PBXFileReference; fileEncoding = 4; lastKnownFileType = sourcecode.c.objc; path = "NSData+ImageContentType.m"; sourceTree = "<group>"; };
		3793CA9D1CCBAAEA00ED486F /* SDImageCache.h */ = {isa = PBXFileReference; fileEncoding = 4; lastKnownFileType = sourcecode.c.h; path = SDImageCache.h; sourceTree = "<group>"; };
		3793CA9E1CCBAAEA00ED486F /* SDImageCache.m */ = {isa = PBXFileReference; fileEncoding = 4; lastKnownFileType = sourcecode.c.objc; path = SDImageCache.m; sourceTree = "<group>"; };
		3793CA9F1CCBAAEA00ED486F /* SDWebImageCompat.h */ = {isa = PBXFileReference; fileEncoding = 4; lastKnownFileType = sourcecode.c.h; path = SDWebImageCompat.h; sourceTree = "<group>"; };
		3793CAA01CCBAAEA00ED486F /* SDWebImageCompat.m */ = {isa = PBXFileReference; fileEncoding = 4; lastKnownFileType = sourcecode.c.objc; path = SDWebImageCompat.m; sourceTree = "<group>"; };
		3793CAA11CCBAAEA00ED486F /* SDWebImageDecoder.h */ = {isa = PBXFileReference; fileEncoding = 4; lastKnownFileType = sourcecode.c.h; path = SDWebImageDecoder.h; sourceTree = "<group>"; };
		3793CAA21CCBAAEA00ED486F /* SDWebImageDecoder.m */ = {isa = PBXFileReference; fileEncoding = 4; lastKnownFileType = sourcecode.c.objc; path = SDWebImageDecoder.m; sourceTree = "<group>"; };
		3793CAA31CCBAAEA00ED486F /* SDWebImageDownloader.h */ = {isa = PBXFileReference; fileEncoding = 4; lastKnownFileType = sourcecode.c.h; path = SDWebImageDownloader.h; sourceTree = "<group>"; };
		3793CAA41CCBAAEA00ED486F /* SDWebImageDownloader.m */ = {isa = PBXFileReference; fileEncoding = 4; lastKnownFileType = sourcecode.c.objc; path = SDWebImageDownloader.m; sourceTree = "<group>"; };
		3793CAA51CCBAAEA00ED486F /* SDWebImageDownloaderOperation.h */ = {isa = PBXFileReference; fileEncoding = 4; lastKnownFileType = sourcecode.c.h; path = SDWebImageDownloaderOperation.h; sourceTree = "<group>"; };
		3793CAA61CCBAAEA00ED486F /* SDWebImageDownloaderOperation.m */ = {isa = PBXFileReference; fileEncoding = 4; lastKnownFileType = sourcecode.c.objc; path = SDWebImageDownloaderOperation.m; sourceTree = "<group>"; };
		3793CAA71CCBAAEA00ED486F /* SDWebImageManager.h */ = {isa = PBXFileReference; fileEncoding = 4; lastKnownFileType = sourcecode.c.h; path = SDWebImageManager.h; sourceTree = "<group>"; };
		3793CAA81CCBAAEA00ED486F /* SDWebImageManager.m */ = {isa = PBXFileReference; fileEncoding = 4; lastKnownFileType = sourcecode.c.objc; path = SDWebImageManager.m; sourceTree = "<group>"; };
		3793CAA91CCBAAEA00ED486F /* SDWebImageOperation.h */ = {isa = PBXFileReference; fileEncoding = 4; lastKnownFileType = sourcecode.c.h; path = SDWebImageOperation.h; sourceTree = "<group>"; };
		3793CAAA1CCBAAEA00ED486F /* SDWebImagePrefetcher.h */ = {isa = PBXFileReference; fileEncoding = 4; lastKnownFileType = sourcecode.c.h; path = SDWebImagePrefetcher.h; sourceTree = "<group>"; };
		3793CAAB1CCBAAEA00ED486F /* SDWebImagePrefetcher.m */ = {isa = PBXFileReference; fileEncoding = 4; lastKnownFileType = sourcecode.c.objc; path = SDWebImagePrefetcher.m; sourceTree = "<group>"; };
		3793CAAC1CCBAAEA00ED486F /* UIButton+WebCache.h */ = {isa = PBXFileReference; fileEncoding = 4; lastKnownFileType = sourcecode.c.h; path = "UIButton+WebCache.h"; sourceTree = "<group>"; };
		3793CAAD1CCBAAEA00ED486F /* UIButton+WebCache.m */ = {isa = PBXFileReference; fileEncoding = 4; lastKnownFileType = sourcecode.c.objc; path = "UIButton+WebCache.m"; sourceTree = "<group>"; };
		3793CAAE1CCBAAEA00ED486F /* UIImage+GIF.h */ = {isa = PBXFileReference; fileEncoding = 4; lastKnownFileType = sourcecode.c.h; path = "UIImage+GIF.h"; sourceTree = "<group>"; };
		3793CAAF1CCBAAEA00ED486F /* UIImage+GIF.m */ = {isa = PBXFileReference; fileEncoding = 4; lastKnownFileType = sourcecode.c.objc; path = "UIImage+GIF.m"; sourceTree = "<group>"; };
		3793CAB01CCBAAEA00ED486F /* UIImage+MultiFormat.h */ = {isa = PBXFileReference; fileEncoding = 4; lastKnownFileType = sourcecode.c.h; path = "UIImage+MultiFormat.h"; sourceTree = "<group>"; };
		3793CAB11CCBAAEA00ED486F /* UIImage+MultiFormat.m */ = {isa = PBXFileReference; fileEncoding = 4; lastKnownFileType = sourcecode.c.objc; path = "UIImage+MultiFormat.m"; sourceTree = "<group>"; };
		3793CAB21CCBAAEA00ED486F /* UIImage+WebP.h */ = {isa = PBXFileReference; fileEncoding = 4; lastKnownFileType = sourcecode.c.h; path = "UIImage+WebP.h"; sourceTree = "<group>"; };
		3793CAB31CCBAAEA00ED486F /* UIImage+WebP.m */ = {isa = PBXFileReference; fileEncoding = 4; lastKnownFileType = sourcecode.c.objc; path = "UIImage+WebP.m"; sourceTree = "<group>"; };
		3793CAB41CCBAAEA00ED486F /* UIImageView+HighlightedWebCache.h */ = {isa = PBXFileReference; fileEncoding = 4; lastKnownFileType = sourcecode.c.h; path = "UIImageView+HighlightedWebCache.h"; sourceTree = "<group>"; };
		3793CAB51CCBAAEA00ED486F /* UIImageView+HighlightedWebCache.m */ = {isa = PBXFileReference; fileEncoding = 4; lastKnownFileType = sourcecode.c.objc; path = "UIImageView+HighlightedWebCache.m"; sourceTree = "<group>"; };
		3793CAB61CCBAAEA00ED486F /* UIImageView+WebCache.h */ = {isa = PBXFileReference; fileEncoding = 4; lastKnownFileType = sourcecode.c.h; path = "UIImageView+WebCache.h"; sourceTree = "<group>"; };
		3793CAB71CCBAAEA00ED486F /* UIImageView+WebCache.m */ = {isa = PBXFileReference; fileEncoding = 4; lastKnownFileType = sourcecode.c.objc; path = "UIImageView+WebCache.m"; sourceTree = "<group>"; };
		3793CAB81CCBAAEA00ED486F /* UIView+WebCacheOperation.h */ = {isa = PBXFileReference; fileEncoding = 4; lastKnownFileType = sourcecode.c.h; path = "UIView+WebCacheOperation.h"; sourceTree = "<group>"; };
		3793CAB91CCBAAEA00ED486F /* UIView+WebCacheOperation.m */ = {isa = PBXFileReference; fileEncoding = 4; lastKnownFileType = sourcecode.c.objc; path = "UIView+WebCacheOperation.m"; sourceTree = "<group>"; };
		37CA633C1CCBB22700C6F230 /* ZCUser.h */ = {isa = PBXFileReference; fileEncoding = 4; lastKnownFileType = sourcecode.c.h; path = ZCUser.h; sourceTree = "<group>"; };
		37CA633D1CCBB22700C6F230 /* ZCUser.m */ = {isa = PBXFileReference; fileEncoding = 4; lastKnownFileType = sourcecode.c.objc; path = ZCUser.m; sourceTree = "<group>"; };
		37CA633F1CCBB23600C6F230 /* ZCStatus.h */ = {isa = PBXFileReference; fileEncoding = 4; lastKnownFileType = sourcecode.c.h; path = ZCStatus.h; sourceTree = "<group>"; };
		37CA63401CCBB23600C6F230 /* ZCStatus.m */ = {isa = PBXFileReference; fileEncoding = 4; lastKnownFileType = sourcecode.c.objc; path = ZCStatus.m; sourceTree = "<group>"; };
		37D1208F1CCB462C00CC2E28 /* ZCAccount.h */ = {isa = PBXFileReference; fileEncoding = 4; lastKnownFileType = sourcecode.c.h; path = ZCAccount.h; sourceTree = "<group>"; };
		37D120901CCB462C00CC2E28 /* ZCAccount.m */ = {isa = PBXFileReference; fileEncoding = 4; lastKnownFileType = sourcecode.c.objc; path = ZCAccount.m; sourceTree = "<group>"; };
		37D120931CCB4AEF00CC2E28 /* MBProgressHUD+MJ.h */ = {isa = PBXFileReference; fileEncoding = 4; lastKnownFileType = sourcecode.c.h; path = "MBProgressHUD+MJ.h"; sourceTree = "<group>"; };
		37D120941CCB4AEF00CC2E28 /* MBProgressHUD+MJ.m */ = {isa = PBXFileReference; fileEncoding = 4; lastKnownFileType = sourcecode.c.objc; path = "MBProgressHUD+MJ.m"; sourceTree = "<group>"; };
		37D120971CCB521300CC2E28 /* ZCAccountTool.h */ = {isa = PBXFileReference; fileEncoding = 4; lastKnownFileType = sourcecode.c.h; path = ZCAccountTool.h; sourceTree = "<group>"; };
		37D120981CCB521300CC2E28 /* ZCAccountTool.m */ = {isa = PBXFileReference; fileEncoding = 4; lastKnownFileType = sourcecode.c.objc; path = ZCAccountTool.m; sourceTree = "<group>"; };
		37EFB0BF1CCB2A4700C17723 /* ZCOAuthController.h */ = {isa = PBXFileReference; fileEncoding = 4; lastKnownFileType = sourcecode.c.h; path = ZCOAuthController.h; sourceTree = "<group>"; };
		37EFB0C01CCB2A4700C17723 /* ZCOAuthController.m */ = {isa = PBXFileReference; fileEncoding = 4; lastKnownFileType = sourcecode.c.objc; path = ZCOAuthController.m; sourceTree = "<group>"; };
		8249A114EE53A17EF449A56E /* libPods.a */ = {isa = PBXFileReference; explicitFileType = archive.ar; includeInIndex = 0; path = libPods.a; sourceTree = BUILT_PRODUCTS_DIR; };
		852B2C352667A9315195F049 /* Pods.release.xcconfig */ = {isa = PBXFileReference; includeInIndex = 1; lastKnownFileType = text.xcconfig; name = Pods.release.xcconfig; path = "Pods/Target Support Files/Pods/Pods.release.xcconfig"; sourceTree = "<group>"; };
		AF1BABFCAADD62A2207024F6 /* Pods.debug.xcconfig */ = {isa = PBXFileReference; includeInIndex = 1; lastKnownFileType = text.xcconfig; name = Pods.debug.xcconfig; path = "Pods/Target Support Files/Pods/Pods.debug.xcconfig"; sourceTree = "<group>"; };
/* End PBXFileReference section */

/* Begin PBXFrameworksBuildPhase section */
		378E46131CC8ACFA00DE8EF5 /* Frameworks */ = {
			isa = PBXFrameworksBuildPhase;
			buildActionMask = 2147483647;
			files = (
				582315994CF84AF71259385E /* libPods.a in Frameworks */,
			);
			runOnlyForDeploymentPostprocessing = 0;
		};
		378E462C1CC8ACFA00DE8EF5 /* Frameworks */ = {
			isa = PBXFrameworksBuildPhase;
			buildActionMask = 2147483647;
			files = (
			);
			runOnlyForDeploymentPostprocessing = 0;
		};
		378E46371CC8ACFA00DE8EF5 /* Frameworks */ = {
			isa = PBXFrameworksBuildPhase;
			buildActionMask = 2147483647;
			files = (
			);
			runOnlyForDeploymentPostprocessing = 0;
		};
/* End PBXFrameworksBuildPhase section */

/* Begin PBXGroup section */
		37136B881CC8E83C0052A2EA /* Category */ = {
			isa = PBXGroup;
			children = (
				37308E6A1CCA63300086B7DD /* UIView+Extension.h */,
				37308E6B1CCA63300086B7DD /* UIView+Extension.m */,
				37136B891CC8E8670052A2EA /* UIImage+Extension.h */,
				37136B8A1CC8E8670052A2EA /* UIImage+Extension.m */,
				37136B931CC9016C0052A2EA /* UIBarButtonItem+Extension.h */,
				37136B941CC9016C0052A2EA /* UIBarButtonItem+Extension.m */,
				375B958E1CCB5CFC004DF65E /* UIWindow+Extension.h */,
				375B958F1CCB5CFC004DF65E /* UIWindow+Extension.m */,
			);
			path = Category;
			sourceTree = "<group>";
		};
		37136B8F1CC8FEDD0052A2EA /* View */ = {
			isa = PBXGroup;
			children = (
				37136B901CC8FEDD0052A2EA /* ZCTabBar.h */,
				37136B911CC8FEDD0052A2EA /* ZCTabBar.m */,
				37308E581CC9EC910086B7DD /* ZCSearchBar.h */,
				37308E591CC9EC910086B7DD /* ZCSearchBar.m */,
				37308E5B1CC9F2E30086B7DD /* ZCDropDownMenu.h */,
				37308E5C1CC9F2E30086B7DD /* ZCDropDownMenu.m */,
			);
			path = View;
			sourceTree = "<group>";
		};
		37308E5E1CCA13DA0086B7DD /* Newfeature */ = {
			isa = PBXGroup;
			children = (
				37308E5F1CCA13DA0086B7DD /* Controller */,
				37308E601CCA13DA0086B7DD /* Model */,
				37308E611CCA13DA0086B7DD /* View */,
			);
			path = Newfeature;
			sourceTree = "<group>";
		};
		37308E5F1CCA13DA0086B7DD /* Controller */ = {
			isa = PBXGroup;
			children = (
				37308E651CCA144D0086B7DD /* ZCNewfeatureController.h */,
				37308E661CCA144D0086B7DD /* ZCNewfeatureController.m */,
			);
			path = Controller;
			sourceTree = "<group>";
		};
		37308E601CCA13DA0086B7DD /* Model */ = {
			isa = PBXGroup;
			children = (
			);
			path = Model;
			sourceTree = "<group>";
		};
		37308E611CCA13DA0086B7DD /* View */ = {
			isa = PBXGroup;
			children = (
			);
			path = View;
			sourceTree = "<group>";
		};
		378E460D1CC8ACFA00DE8EF5 = {
			isa = PBXGroup;
			children = (
				378E46181CC8ACFA00DE8EF5 /* OrangeStatus */,
				378E46321CC8ACFA00DE8EF5 /* OrangeStatusTests */,
				378E463D1CC8ACFA00DE8EF5 /* OrangeStatusUITests */,
				378E46171CC8ACFA00DE8EF5 /* Products */,
				9DC1ED581FDA319FCF51C271 /* Pods */,
				59324189E59CD667559ADA4B /* Frameworks */,
			);
			sourceTree = "<group>";
		};
		378E46171CC8ACFA00DE8EF5 /* Products */ = {
			isa = PBXGroup;
			children = (
				378E46161CC8ACFA00DE8EF5 /* OrangeStatus.app */,
				378E462F1CC8ACFA00DE8EF5 /* OrangeStatusTests.xctest */,
				378E463A1CC8ACFA00DE8EF5 /* OrangeStatusUITests.xctest */,
			);
			name = Products;
			sourceTree = "<group>";
		};
		378E46181CC8ACFA00DE8EF5 /* OrangeStatus */ = {
			isa = PBXGroup;
			children = (
				378E464C1CC8B93E00DE8EF5 /* Class */,
				378E46191CC8ACFA00DE8EF5 /* Supporting Files */,
			);
			path = OrangeStatus;
			sourceTree = "<group>";
		};
		378E46191CC8ACFA00DE8EF5 /* Supporting Files */ = {
			isa = PBXGroup;
			children = (
				378E46251CC8ACFA00DE8EF5 /* Assets.xcassets */,
				378E462A1CC8ACFA00DE8EF5 /* Info.plist */,
				378E461A1CC8ACFA00DE8EF5 /* main.m */,
				37136B9F1CC912970052A2EA /* PrefixHeader.pch */,
			);
			name = "Supporting Files";
			sourceTree = "<group>";
		};
		378E46321CC8ACFA00DE8EF5 /* OrangeStatusTests */ = {
			isa = PBXGroup;
			children = (
				378E46331CC8ACFA00DE8EF5 /* OrangeStatusTests.m */,
				378E46351CC8ACFA00DE8EF5 /* Info.plist */,
			);
			path = OrangeStatusTests;
			sourceTree = "<group>";
		};
		378E463D1CC8ACFA00DE8EF5 /* OrangeStatusUITests */ = {
			isa = PBXGroup;
			children = (
				378E463E1CC8ACFA00DE8EF5 /* OrangeStatusUITests.m */,
				378E46401CC8ACFA00DE8EF5 /* Info.plist */,
			);
			path = OrangeStatusUITests;
			sourceTree = "<group>";
		};
		378E464C1CC8B93E00DE8EF5 /* Class */ = {
			isa = PBXGroup;
			children = (
				37EFB0BD1CCB2A1000C17723 /* OAuth */,
				37308E5E1CCA13DA0086B7DD /* Newfeature */,
				378E464D1CC8B93E00DE8EF5 /* Discover */,
				378E46511CC8B93E00DE8EF5 /* Home */,
				378E46551CC8B93E00DE8EF5 /* Main */,
				378E465C1CC8B93E00DE8EF5 /* Message */,
				378E46601CC8B93E00DE8EF5 /* Profile */,
			);
			path = Class;
			sourceTree = "<group>";
		};
		378E464D1CC8B93E00DE8EF5 /* Discover */ = {
			isa = PBXGroup;
			children = (
				378E464E1CC8B93E00DE8EF5 /* Controller */,
				378E464F1CC8B93E00DE8EF5 /* Model */,
				378E46501CC8B93E00DE8EF5 /* View */,
			);
			path = Discover;
			sourceTree = "<group>";
		};
		378E464E1CC8B93E00DE8EF5 /* Controller */ = {
			isa = PBXGroup;
			children = (
				378E46651CC8B9BF00DE8EF5 /* ZCDiscoverController.h */,
				378E46661CC8B9BF00DE8EF5 /* ZCDiscoverController.m */,
			);
			path = Controller;
			sourceTree = "<group>";
		};
		378E464F1CC8B93E00DE8EF5 /* Model */ = {
			isa = PBXGroup;
			children = (
			);
			path = Model;
			sourceTree = "<group>";
		};
		378E46501CC8B93E00DE8EF5 /* View */ = {
			isa = PBXGroup;
			children = (
			);
			path = View;
			sourceTree = "<group>";
		};
		378E46511CC8B93E00DE8EF5 /* Home */ = {
			isa = PBXGroup;
			children = (
				378E46521CC8B93E00DE8EF5 /* Controller */,
				378E46531CC8B93E00DE8EF5 /* Model */,
				378E46541CC8B93E00DE8EF5 /* View */,
			);
			path = Home;
			sourceTree = "<group>";
		};
		378E46521CC8B93E00DE8EF5 /* Controller */ = {
			isa = PBXGroup;
			children = (
				378E46681CC8B9D000DE8EF5 /* ZCHomeController.h */,
				378E46691CC8B9D000DE8EF5 /* ZCHomeController.m */,
			);
			path = Controller;
			sourceTree = "<group>";
		};
		378E46531CC8B93E00DE8EF5 /* Model */ = {
			isa = PBXGroup;
			children = (
				37CA633C1CCBB22700C6F230 /* ZCUser.h */,
				37CA633D1CCBB22700C6F230 /* ZCUser.m */,
				37CA633F1CCBB23600C6F230 /* ZCStatus.h */,
				37CA63401CCBB23600C6F230 /* ZCStatus.m */,
			);
			path = Model;
			sourceTree = "<group>";
		};
		378E46541CC8B93E00DE8EF5 /* View */ = {
			isa = PBXGroup;
			children = (
				37136B961CC90B0C0052A2EA /* ZCTitleButton.h */,
				37136B971CC90B0C0052A2EA /* ZCTitleButton.m */,
			);
			path = View;
			sourceTree = "<group>";
		};
		378E46551CC8B93E00DE8EF5 /* Main */ = {
			isa = PBXGroup;
			children = (
				37D120921CCB4ADC00CC2E28 /* Lib */,
				37136B881CC8E83C0052A2EA /* Category */,
				378E46561CC8B93E00DE8EF5 /* Controller */,
				378E46571CC8B93E00DE8EF5 /* Model */,
				378E46581CC8B93E00DE8EF5 /* Other */,
				37136B8F1CC8FEDD0052A2EA /* View */,
			);
			path = Main;
			sourceTree = "<group>";
		};
		378E46561CC8B93E00DE8EF5 /* Controller */ = {
			isa = PBXGroup;
			children = (
				378E466B1CC8B9EC00DE8EF5 /* ZCNavigaionController.h */,
				378E466C1CC8B9EC00DE8EF5 /* ZCNavigaionController.m */,
				378E466E1CC8B9FF00DE8EF5 /* ZCTabBarController.h */,
				378E466F1CC8B9FF00DE8EF5 /* ZCTabBarController.m */,
			);
			path = Controller;
			sourceTree = "<group>";
		};
		378E46571CC8B93E00DE8EF5 /* Model */ = {
			isa = PBXGroup;
			children = (
			);
			path = Model;
			sourceTree = "<group>";
		};
		378E46581CC8B93E00DE8EF5 /* Other */ = {
			isa = PBXGroup;
			children = (
				378E46591CC8B93E00DE8EF5 /* AppDelegate.h */,
				37308E681CCA14780086B7DD /* AppDelegate.m */,
			);
			path = Other;
			sourceTree = "<group>";
		};
		378E465C1CC8B93E00DE8EF5 /* Message */ = {
			isa = PBXGroup;
			children = (
				378E465D1CC8B93E00DE8EF5 /* Controller */,
				378E465E1CC8B93E00DE8EF5 /* Model */,
				378E465F1CC8B93E00DE8EF5 /* View */,
			);
			path = Message;
			sourceTree = "<group>";
		};
		378E465D1CC8B93E00DE8EF5 /* Controller */ = {
			isa = PBXGroup;
			children = (
				378E46711CC8BA1700DE8EF5 /* ZCMessageController.h */,
				378E46721CC8BA1700DE8EF5 /* ZCMessageController.m */,
			);
			path = Controller;
			sourceTree = "<group>";
		};
		378E465E1CC8B93E00DE8EF5 /* Model */ = {
			isa = PBXGroup;
			children = (
			);
			path = Model;
			sourceTree = "<group>";
		};
		378E465F1CC8B93E00DE8EF5 /* View */ = {
			isa = PBXGroup;
			children = (
			);
			path = View;
			sourceTree = "<group>";
		};
		378E46601CC8B93E00DE8EF5 /* Profile */ = {
			isa = PBXGroup;
			children = (
				378E46611CC8B93E00DE8EF5 /* Controller */,
				378E46621CC8B93E00DE8EF5 /* Model */,
				378E46631CC8B93E00DE8EF5 /* View */,
			);
			path = Profile;
			sourceTree = "<group>";
		};
		378E46611CC8B93E00DE8EF5 /* Controller */ = {
			isa = PBXGroup;
			children = (
				378E46741CC8BA2A00DE8EF5 /* ZCProfileController.h */,
				378E46751CC8BA2A00DE8EF5 /* ZCProfileController.m */,
			);
			path = Controller;
			sourceTree = "<group>";
		};
		378E46621CC8B93E00DE8EF5 /* Model */ = {
			isa = PBXGroup;
			children = (
			);
			path = Model;
			sourceTree = "<group>";
		};
		378E46631CC8B93E00DE8EF5 /* View */ = {
			isa = PBXGroup;
			children = (
			);
			path = View;
			sourceTree = "<group>";
		};
		3793CA981CCBAAEA00ED486F /* SDWebImage */ = {
			isa = PBXGroup;
			children = (
				3793CA991CCBAAEA00ED486F /* MKAnnotationView+WebCache.h */,
				3793CA9A1CCBAAEA00ED486F /* MKAnnotationView+WebCache.m */,
				3793CA9B1CCBAAEA00ED486F /* NSData+ImageContentType.h */,
				3793CA9C1CCBAAEA00ED486F /* NSData+ImageContentType.m */,
				3793CA9D1CCBAAEA00ED486F /* SDImageCache.h */,
				3793CA9E1CCBAAEA00ED486F /* SDImageCache.m */,
				3793CA9F1CCBAAEA00ED486F /* SDWebImageCompat.h */,
				3793CAA01CCBAAEA00ED486F /* SDWebImageCompat.m */,
				3793CAA11CCBAAEA00ED486F /* SDWebImageDecoder.h */,
				3793CAA21CCBAAEA00ED486F /* SDWebImageDecoder.m */,
				3793CAA31CCBAAEA00ED486F /* SDWebImageDownloader.h */,
				3793CAA41CCBAAEA00ED486F /* SDWebImageDownloader.m */,
				3793CAA51CCBAAEA00ED486F /* SDWebImageDownloaderOperation.h */,
				3793CAA61CCBAAEA00ED486F /* SDWebImageDownloaderOperation.m */,
				3793CAA71CCBAAEA00ED486F /* SDWebImageManager.h */,
				3793CAA81CCBAAEA00ED486F /* SDWebImageManager.m */,
				3793CAA91CCBAAEA00ED486F /* SDWebImageOperation.h */,
				3793CAAA1CCBAAEA00ED486F /* SDWebImagePrefetcher.h */,
				3793CAAB1CCBAAEA00ED486F /* SDWebImagePrefetcher.m */,
				3793CAAC1CCBAAEA00ED486F /* UIButton+WebCache.h */,
				3793CAAD1CCBAAEA00ED486F /* UIButton+WebCache.m */,
				3793CAAE1CCBAAEA00ED486F /* UIImage+GIF.h */,
				3793CAAF1CCBAAEA00ED486F /* UIImage+GIF.m */,
				3793CAB01CCBAAEA00ED486F /* UIImage+MultiFormat.h */,
				3793CAB11CCBAAEA00ED486F /* UIImage+MultiFormat.m */,
				3793CAB21CCBAAEA00ED486F /* UIImage+WebP.h */,
				3793CAB31CCBAAEA00ED486F /* UIImage+WebP.m */,
				3793CAB41CCBAAEA00ED486F /* UIImageView+HighlightedWebCache.h */,
				3793CAB51CCBAAEA00ED486F /* UIImageView+HighlightedWebCache.m */,
				3793CAB61CCBAAEA00ED486F /* UIImageView+WebCache.h */,
				3793CAB71CCBAAEA00ED486F /* UIImageView+WebCache.m */,
				3793CAB81CCBAAEA00ED486F /* UIView+WebCacheOperation.h */,
				3793CAB91CCBAAEA00ED486F /* UIView+WebCacheOperation.m */,
			);
			path = SDWebImage;
			sourceTree = "<group>";
		};
		37D1208E1CCB461700CC2E28 /* Model */ = {
			isa = PBXGroup;
			children = (
				37D1208F1CCB462C00CC2E28 /* ZCAccount.h */,
				37D120901CCB462C00CC2E28 /* ZCAccount.m */,
			);
			path = Model;
			sourceTree = "<group>";
		};
		37D120921CCB4ADC00CC2E28 /* Lib */ = {
			isa = PBXGroup;
			children = (
				3793CA981CCBAAEA00ED486F /* SDWebImage */,
				37D120931CCB4AEF00CC2E28 /* MBProgressHUD+MJ.h */,
				37D120941CCB4AEF00CC2E28 /* MBProgressHUD+MJ.m */,
			);
			path = Lib;
			sourceTree = "<group>";
		};
		37D120961CCB51F000CC2E28 /* Tool */ = {
			isa = PBXGroup;
			children = (
				37D120971CCB521300CC2E28 /* ZCAccountTool.h */,
				37D120981CCB521300CC2E28 /* ZCAccountTool.m */,
			);
			path = Tool;
			sourceTree = "<group>";
		};
		37EFB0BD1CCB2A1000C17723 /* OAuth */ = {
			isa = PBXGroup;
			children = (
				37D120961CCB51F000CC2E28 /* Tool */,
				37D1208E1CCB461700CC2E28 /* Model */,
				37EFB0BE1CCB2A1000C17723 /* Controller */,
			);
			path = OAuth;
			sourceTree = "<group>";
		};
		37EFB0BE1CCB2A1000C17723 /* Controller */ = {
			isa = PBXGroup;
			children = (
				37EFB0BF1CCB2A4700C17723 /* ZCOAuthController.h */,
				37EFB0C01CCB2A4700C17723 /* ZCOAuthController.m */,
			);
			path = Controller;
			sourceTree = "<group>";
		};
		59324189E59CD667559ADA4B /* Frameworks */ = {
			isa = PBXGroup;
			children = (
				8249A114EE53A17EF449A56E /* libPods.a */,
			);
			name = Frameworks;
			sourceTree = "<group>";
		};
		9DC1ED581FDA319FCF51C271 /* Pods */ = {
			isa = PBXGroup;
			children = (
				AF1BABFCAADD62A2207024F6 /* Pods.debug.xcconfig */,
				852B2C352667A9315195F049 /* Pods.release.xcconfig */,
			);
			name = Pods;
			sourceTree = "<group>";
		};
/* End PBXGroup section */

/* Begin PBXNativeTarget section */
		378E46151CC8ACFA00DE8EF5 /* OrangeStatus */ = {
			isa = PBXNativeTarget;
			buildConfigurationList = 378E46431CC8ACFA00DE8EF5 /* Build configuration list for PBXNativeTarget "OrangeStatus" */;
			buildPhases = (
				1EAB6F6D4AFCEB877CEDE9BA /* Check Pods Manifest.lock */,
				378E46121CC8ACFA00DE8EF5 /* Sources */,
				378E46131CC8ACFA00DE8EF5 /* Frameworks */,
				378E46141CC8ACFA00DE8EF5 /* Resources */,
				98983D3DCF11E34DF5DB58A4 /* Embed Pods Frameworks */,
				BBFCDA657926E02A20D980AC /* Copy Pods Resources */,
			);
			buildRules = (
			);
			dependencies = (
			);
			name = OrangeStatus;
			productName = OrangeStatus;
			productReference = 378E46161CC8ACFA00DE8EF5 /* OrangeStatus.app */;
			productType = "com.apple.product-type.application";
		};
		378E462E1CC8ACFA00DE8EF5 /* OrangeStatusTests */ = {
			isa = PBXNativeTarget;
			buildConfigurationList = 378E46461CC8ACFA00DE8EF5 /* Build configuration list for PBXNativeTarget "OrangeStatusTests" */;
			buildPhases = (
				378E462B1CC8ACFA00DE8EF5 /* Sources */,
				378E462C1CC8ACFA00DE8EF5 /* Frameworks */,
				378E462D1CC8ACFA00DE8EF5 /* Resources */,
			);
			buildRules = (
			);
			dependencies = (
				378E46311CC8ACFA00DE8EF5 /* PBXTargetDependency */,
			);
			name = OrangeStatusTests;
			productName = OrangeStatusTests;
			productReference = 378E462F1CC8ACFA00DE8EF5 /* OrangeStatusTests.xctest */;
			productType = "com.apple.product-type.bundle.unit-test";
		};
		378E46391CC8ACFA00DE8EF5 /* OrangeStatusUITests */ = {
			isa = PBXNativeTarget;
			buildConfigurationList = 378E46491CC8ACFA00DE8EF5 /* Build configuration list for PBXNativeTarget "OrangeStatusUITests" */;
			buildPhases = (
				378E46361CC8ACFA00DE8EF5 /* Sources */,
				378E46371CC8ACFA00DE8EF5 /* Frameworks */,
				378E46381CC8ACFA00DE8EF5 /* Resources */,
			);
			buildRules = (
			);
			dependencies = (
				378E463C1CC8ACFA00DE8EF5 /* PBXTargetDependency */,
			);
			name = OrangeStatusUITests;
			productName = OrangeStatusUITests;
			productReference = 378E463A1CC8ACFA00DE8EF5 /* OrangeStatusUITests.xctest */;
			productType = "com.apple.product-type.bundle.ui-testing";
		};
/* End PBXNativeTarget section */

/* Begin PBXProject section */
		378E460E1CC8ACFA00DE8EF5 /* Project object */ = {
			isa = PBXProject;
			attributes = {
				CLASSPREFIX = ZC;
				LastUpgradeCheck = 0720;
				ORGANIZATIONNAME = ZhangCheng;
				TargetAttributes = {
					378E46151CC8ACFA00DE8EF5 = {
						CreatedOnToolsVersion = 7.2.1;
					};
					378E462E1CC8ACFA00DE8EF5 = {
						CreatedOnToolsVersion = 7.2.1;
						TestTargetID = 378E46151CC8ACFA00DE8EF5;
					};
					378E46391CC8ACFA00DE8EF5 = {
						CreatedOnToolsVersion = 7.2.1;
						TestTargetID = 378E46151CC8ACFA00DE8EF5;
					};
				};
			};
			buildConfigurationList = 378E46111CC8ACFA00DE8EF5 /* Build configuration list for PBXProject "OrangeStatus" */;
			compatibilityVersion = "Xcode 3.2";
			developmentRegion = English;
			hasScannedForEncodings = 0;
			knownRegions = (
				en,
				Base,
			);
			mainGroup = 378E460D1CC8ACFA00DE8EF5;
			productRefGroup = 378E46171CC8ACFA00DE8EF5 /* Products */;
			projectDirPath = "";
			projectRoot = "";
			targets = (
				378E46151CC8ACFA00DE8EF5 /* OrangeStatus */,
				378E462E1CC8ACFA00DE8EF5 /* OrangeStatusTests */,
				378E46391CC8ACFA00DE8EF5 /* OrangeStatusUITests */,
			);
		};
/* End PBXProject section */

/* Begin PBXResourcesBuildPhase section */
		378E46141CC8ACFA00DE8EF5 /* Resources */ = {
			isa = PBXResourcesBuildPhase;
			buildActionMask = 2147483647;
			files = (
				378E46261CC8ACFA00DE8EF5 /* Assets.xcassets in Resources */,
			);
			runOnlyForDeploymentPostprocessing = 0;
		};
		378E462D1CC8ACFA00DE8EF5 /* Resources */ = {
			isa = PBXResourcesBuildPhase;
			buildActionMask = 2147483647;
			files = (
			);
			runOnlyForDeploymentPostprocessing = 0;
		};
		378E46381CC8ACFA00DE8EF5 /* Resources */ = {
			isa = PBXResourcesBuildPhase;
			buildActionMask = 2147483647;
			files = (
			);
			runOnlyForDeploymentPostprocessing = 0;
		};
/* End PBXResourcesBuildPhase section */

/* Begin PBXShellScriptBuildPhase section */
		1EAB6F6D4AFCEB877CEDE9BA /* Check Pods Manifest.lock */ = {
			isa = PBXShellScriptBuildPhase;
			buildActionMask = 2147483647;
			files = (
			);
			inputPaths = (
			);
			name = "Check Pods Manifest.lock";
			outputPaths = (
			);
			runOnlyForDeploymentPostprocessing = 0;
			shellPath = /bin/sh;
			shellScript = "diff \"${PODS_ROOT}/../Podfile.lock\" \"${PODS_ROOT}/Manifest.lock\" > /dev/null\nif [[ $? != 0 ]] ; then\n    cat << EOM\nerror: The sandbox is not in sync with the Podfile.lock. Run 'pod install' or update your CocoaPods installation.\nEOM\n    exit 1\nfi\n";
			showEnvVarsInLog = 0;
		};
		98983D3DCF11E34DF5DB58A4 /* Embed Pods Frameworks */ = {
			isa = PBXShellScriptBuildPhase;
			buildActionMask = 2147483647;
			files = (
			);
			inputPaths = (
			);
			name = "Embed Pods Frameworks";
			outputPaths = (
			);
			runOnlyForDeploymentPostprocessing = 0;
			shellPath = /bin/sh;
			shellScript = "\"${SRCROOT}/Pods/Target Support Files/Pods/Pods-frameworks.sh\"\n";
			showEnvVarsInLog = 0;
		};
		BBFCDA657926E02A20D980AC /* Copy Pods Resources */ = {
			isa = PBXShellScriptBuildPhase;
			buildActionMask = 2147483647;
			files = (
			);
			inputPaths = (
			);
			name = "Copy Pods Resources";
			outputPaths = (
			);
			runOnlyForDeploymentPostprocessing = 0;
			shellPath = /bin/sh;
			shellScript = "\"${SRCROOT}/Pods/Target Support Files/Pods/Pods-resources.sh\"\n";
			showEnvVarsInLog = 0;
		};
/* End PBXShellScriptBuildPhase section */

/* Begin PBXSourcesBuildPhase section */
		378E46121CC8ACFA00DE8EF5 /* Sources */ = {
			isa = PBXSourcesBuildPhase;
			buildActionMask = 2147483647;
			files = (
				3793CABE1CCBAAEA00ED486F /* SDWebImageDecoder.m in Sources */,
				37308E671CCA144D0086B7DD /* ZCNewfeatureController.m in Sources */,
				3793CABA1CCBAAEA00ED486F /* MKAnnotationView+WebCache.m in Sources */,
				375B95901CCB5CFC004DF65E /* UIWindow+Extension.m in Sources */,
				37D120951CCB4AEF00CC2E28 /* MBProgressHUD+MJ.m in Sources */,
				378E466D1CC8B9EC00DE8EF5 /* ZCNavigaionController.m in Sources */,
				37136B981CC90B0C0052A2EA /* ZCTitleButton.m in Sources */,
				37308E5D1CC9F2E30086B7DD /* ZCDropDownMenu.m in Sources */,
				3793CABD1CCBAAEA00ED486F /* SDWebImageCompat.m in Sources */,
				37CA633E1CCBB22700C6F230 /* ZCUser.m in Sources */,
				3793CABC1CCBAAEA00ED486F /* SDImageCache.m in Sources */,
				3793CAC51CCBAAEA00ED486F /* UIImage+MultiFormat.m in Sources */,
				3793CAC41CCBAAEA00ED486F /* UIImage+GIF.m in Sources */,
				3793CABF1CCBAAEA00ED486F /* SDWebImageDownloader.m in Sources */,
				37D120911CCB462C00CC2E28 /* ZCAccount.m in Sources */,
				3793CAC81CCBAAEA00ED486F /* UIImageView+WebCache.m in Sources */,
				37CA63411CCBB23600C6F230 /* ZCStatus.m in Sources */,
				3793CAC31CCBAAEA00ED486F /* UIButton+WebCache.m in Sources */,
				37308E691CCA14780086B7DD /* AppDelegate.m in Sources */,
				37308E5A1CC9EC910086B7DD /* ZCSearchBar.m in Sources */,
				37EFB0C11CCB2A4700C17723 /* ZCOAuthController.m in Sources */,
				378E46761CC8BA2A00DE8EF5 /* ZCProfileController.m in Sources */,
				378E461B1CC8ACFA00DE8EF5 /* main.m in Sources */,
				378E46671CC8B9BF00DE8EF5 /* ZCDiscoverController.m in Sources */,
				3793CAC01CCBAAEA00ED486F /* SDWebImageDownloaderOperation.m in Sources */,
				378E46701CC8B9FF00DE8EF5 /* ZCTabBarController.m in Sources */,
				37136B951CC9016C0052A2EA /* UIBarButtonItem+Extension.m in Sources */,
				3793CAC21CCBAAEA00ED486F /* SDWebImagePrefetcher.m in Sources */,
				3793CAC61CCBAAEA00ED486F /* UIImage+WebP.m in Sources */,
				3793CAC11CCBAAEA00ED486F /* SDWebImageManager.m in Sources */,
				3793CABB1CCBAAEA00ED486F /* NSData+ImageContentType.m in Sources */,
				37136B8B1CC8E8670052A2EA /* UIImage+Extension.m in Sources */,
				378E46731CC8BA1700DE8EF5 /* ZCMessageController.m in Sources */,
				37136B921CC8FEDD0052A2EA /* ZCTabBar.m in Sources */,
				37308E6C1CCA63300086B7DD /* UIView+Extension.m in Sources */,
				37D120991CCB521300CC2E28 /* ZCAccountTool.m in Sources */,
				3793CAC91CCBAAEA00ED486F /* UIView+WebCacheOperation.m in Sources */,
				3793CAC71CCBAAEA00ED486F /* UIImageView+HighlightedWebCache.m in Sources */,
				378E466A1CC8B9D000DE8EF5 /* ZCHomeController.m in Sources */,
			);
			runOnlyForDeploymentPostprocessing = 0;
		};
		378E462B1CC8ACFA00DE8EF5 /* Sources */ = {
			isa = PBXSourcesBuildPhase;
			buildActionMask = 2147483647;
			files = (
				378E46341CC8ACFA00DE8EF5 /* OrangeStatusTests.m in Sources */,
			);
			runOnlyForDeploymentPostprocessing = 0;
		};
		378E46361CC8ACFA00DE8EF5 /* Sources */ = {
			isa = PBXSourcesBuildPhase;
			buildActionMask = 2147483647;
			files = (
				378E463F1CC8ACFA00DE8EF5 /* OrangeStatusUITests.m in Sources */,
			);
			runOnlyForDeploymentPostprocessing = 0;
		};
/* End PBXSourcesBuildPhase section */

/* Begin PBXTargetDependency section */
		378E46311CC8ACFA00DE8EF5 /* PBXTargetDependency */ = {
			isa = PBXTargetDependency;
			target = 378E46151CC8ACFA00DE8EF5 /* OrangeStatus */;
			targetProxy = 378E46301CC8ACFA00DE8EF5 /* PBXContainerItemProxy */;
		};
		378E463C1CC8ACFA00DE8EF5 /* PBXTargetDependency */ = {
			isa = PBXTargetDependency;
			target = 378E46151CC8ACFA00DE8EF5 /* OrangeStatus */;
			targetProxy = 378E463B1CC8ACFA00DE8EF5 /* PBXContainerItemProxy */;
		};
/* End PBXTargetDependency section */

/* Begin XCBuildConfiguration section */
		378E46411CC8ACFA00DE8EF5 /* Debug */ = {
			isa = XCBuildConfiguration;
			buildSettings = {
				ALWAYS_SEARCH_USER_PATHS = NO;
				CLANG_CXX_LANGUAGE_STANDARD = "gnu++0x";
				CLANG_CXX_LIBRARY = "libc++";
				CLANG_ENABLE_MODULES = YES;
				CLANG_ENABLE_OBJC_ARC = YES;
				CLANG_WARN_BOOL_CONVERSION = YES;
				CLANG_WARN_CONSTANT_CONVERSION = YES;
				CLANG_WARN_DIRECT_OBJC_ISA_USAGE = YES_ERROR;
				CLANG_WARN_EMPTY_BODY = YES;
				CLANG_WARN_ENUM_CONVERSION = YES;
				CLANG_WARN_INT_CONVERSION = YES;
				CLANG_WARN_OBJC_ROOT_CLASS = YES_ERROR;
				CLANG_WARN_UNREACHABLE_CODE = YES;
				CLANG_WARN__DUPLICATE_METHOD_MATCH = YES;
				"CODE_SIGN_IDENTITY[sdk=iphoneos*]" = "iPhone Developer";
				COPY_PHASE_STRIP = NO;
				DEBUG_INFORMATION_FORMAT = dwarf;
				ENABLE_STRICT_OBJC_MSGSEND = YES;
				ENABLE_TESTABILITY = YES;
				GCC_C_LANGUAGE_STANDARD = gnu99;
				GCC_DYNAMIC_NO_PIC = NO;
				GCC_NO_COMMON_BLOCKS = YES;
				GCC_OPTIMIZATION_LEVEL = 0;
				GCC_PREPROCESSOR_DEFINITIONS = (
					"DEBUG=1",
					"$(inherited)",
				);
				GCC_WARN_64_TO_32_BIT_CONVERSION = YES;
				GCC_WARN_ABOUT_RETURN_TYPE = YES_ERROR;
				GCC_WARN_UNDECLARED_SELECTOR = YES;
				GCC_WARN_UNINITIALIZED_AUTOS = YES_AGGRESSIVE;
				GCC_WARN_UNUSED_FUNCTION = YES;
				GCC_WARN_UNUSED_VARIABLE = YES;
				IPHONEOS_DEPLOYMENT_TARGET = 9.2;
				MTL_ENABLE_DEBUG_INFO = YES;
				ONLY_ACTIVE_ARCH = YES;
				SDKROOT = iphoneos;
				TARGETED_DEVICE_FAMILY = "1,2";
			};
			name = Debug;
		};
		378E46421CC8ACFA00DE8EF5 /* Release */ = {
			isa = XCBuildConfiguration;
			buildSettings = {
				ALWAYS_SEARCH_USER_PATHS = NO;
				CLANG_CXX_LANGUAGE_STANDARD = "gnu++0x";
				CLANG_CXX_LIBRARY = "libc++";
				CLANG_ENABLE_MODULES = YES;
				CLANG_ENABLE_OBJC_ARC = YES;
				CLANG_WARN_BOOL_CONVERSION = YES;
				CLANG_WARN_CONSTANT_CONVERSION = YES;
				CLANG_WARN_DIRECT_OBJC_ISA_USAGE = YES_ERROR;
				CLANG_WARN_EMPTY_BODY = YES;
				CLANG_WARN_ENUM_CONVERSION = YES;
				CLANG_WARN_INT_CONVERSION = YES;
				CLANG_WARN_OBJC_ROOT_CLASS = YES_ERROR;
				CLANG_WARN_UNREACHABLE_CODE = YES;
				CLANG_WARN__DUPLICATE_METHOD_MATCH = YES;
				"CODE_SIGN_IDENTITY[sdk=iphoneos*]" = "iPhone Developer";
				COPY_PHASE_STRIP = NO;
				DEBUG_INFORMATION_FORMAT = "dwarf-with-dsym";
				ENABLE_NS_ASSERTIONS = NO;
				ENABLE_STRICT_OBJC_MSGSEND = YES;
				GCC_C_LANGUAGE_STANDARD = gnu99;
				GCC_NO_COMMON_BLOCKS = YES;
				GCC_WARN_64_TO_32_BIT_CONVERSION = YES;
				GCC_WARN_ABOUT_RETURN_TYPE = YES_ERROR;
				GCC_WARN_UNDECLARED_SELECTOR = YES;
				GCC_WARN_UNINITIALIZED_AUTOS = YES_AGGRESSIVE;
				GCC_WARN_UNUSED_FUNCTION = YES;
				GCC_WARN_UNUSED_VARIABLE = YES;
				IPHONEOS_DEPLOYMENT_TARGET = 9.2;
				MTL_ENABLE_DEBUG_INFO = NO;
				SDKROOT = iphoneos;
				TARGETED_DEVICE_FAMILY = "1,2";
				VALIDATE_PRODUCT = YES;
			};
			name = Release;
		};
		378E46441CC8ACFA00DE8EF5 /* Debug */ = {
			isa = XCBuildConfiguration;
			baseConfigurationReference = AF1BABFCAADD62A2207024F6 /* Pods.debug.xcconfig */;
			buildSettings = {
				ASSETCATALOG_COMPILER_APPICON_NAME = AppIcon;
				ASSETCATALOG_COMPILER_LAUNCHIMAGE_NAME = "Brand Assets";
				GCC_PRECOMPILE_PREFIX_HEADER = YES;
				GCC_PREFIX_HEADER = OrangeStatus/PrefixHeader.pch;
				INFOPLIST_FILE = OrangeStatus/Info.plist;
				IPHONEOS_DEPLOYMENT_TARGET = 8.0;
				LD_RUNPATH_SEARCH_PATHS = "$(inherited) @executable_path/Frameworks";
				PRODUCT_BUNDLE_IDENTIFIER = ZhangChengStatus.OrangeStatus;
				PRODUCT_NAME = "$(TARGET_NAME)";
				USER_HEADER_SEARCH_PATHS = "${SRCROOT}/**";
			};
			name = Debug;
		};
		378E46451CC8ACFA00DE8EF5 /* Release */ = {
			isa = XCBuildConfiguration;
			baseConfigurationReference = 852B2C352667A9315195F049 /* Pods.release.xcconfig */;
			buildSettings = {
				ASSETCATALOG_COMPILER_APPICON_NAME = AppIcon;
				ASSETCATALOG_COMPILER_LAUNCHIMAGE_NAME = "Brand Assets";
				GCC_PRECOMPILE_PREFIX_HEADER = YES;
				GCC_PREFIX_HEADER = OrangeStatus/PrefixHeader.pch;
				INFOPLIST_FILE = OrangeStatus/Info.plist;
				IPHONEOS_DEPLOYMENT_TARGET = 8.0;
				LD_RUNPATH_SEARCH_PATHS = "$(inherited) @executable_path/Frameworks";
				PRODUCT_BUNDLE_IDENTIFIER = ZhangChengStatus.OrangeStatus;
				PRODUCT_NAME = "$(TARGET_NAME)";
				USER_HEADER_SEARCH_PATHS = "${SRCROOT}/**";
			};
			name = Release;
		};
		378E46471CC8ACFA00DE8EF5 /* Debug */ = {
			isa = XCBuildConfiguration;
			buildSettings = {
				BUNDLE_LOADER = "$(TEST_HOST)";
				INFOPLIST_FILE = OrangeStatusTests/Info.plist;
				LD_RUNPATH_SEARCH_PATHS = "$(inherited) @executable_path/Frameworks @loader_path/Frameworks";
				PRODUCT_BUNDLE_IDENTIFIER = ZhangChengStatus.OrangeStatusTests;
				PRODUCT_NAME = "$(TARGET_NAME)";
				TEST_HOST = "$(BUILT_PRODUCTS_DIR)/OrangeStatus.app/OrangeStatus";
			};
			name = Debug;
		};
		378E46481CC8ACFA00DE8EF5 /* Release */ = {
			isa = XCBuildConfiguration;
			buildSettings = {
				BUNDLE_LOADER = "$(TEST_HOST)";
				INFOPLIST_FILE = OrangeStatusTests/Info.plist;
				LD_RUNPATH_SEARCH_PATHS = "$(inherited) @executable_path/Frameworks @loader_path/Frameworks";
				PRODUCT_BUNDLE_IDENTIFIER = ZhangChengStatus.OrangeStatusTests;
				PRODUCT_NAME = "$(TARGET_NAME)";
				TEST_HOST = "$(BUILT_PRODUCTS_DIR)/OrangeStatus.app/OrangeStatus";
			};
			name = Release;
		};
		378E464A1CC8ACFA00DE8EF5 /* Debug */ = {
			isa = XCBuildConfiguration;
			buildSettings = {
				INFOPLIST_FILE = OrangeStatusUITests/Info.plist;
				LD_RUNPATH_SEARCH_PATHS = "$(inherited) @executable_path/Frameworks @loader_path/Frameworks";
				PRODUCT_BUNDLE_IDENTIFIER = ZhangChengStatus.OrangeStatusUITests;
				PRODUCT_NAME = "$(TARGET_NAME)";
				TEST_TARGET_NAME = OrangeStatus;
				USES_XCTRUNNER = YES;
			};
			name = Debug;
		};
		378E464B1CC8ACFA00DE8EF5 /* Release */ = {
			isa = XCBuildConfiguration;
			buildSettings = {
				INFOPLIST_FILE = OrangeStatusUITests/Info.plist;
				LD_RUNPATH_SEARCH_PATHS = "$(inherited) @executable_path/Frameworks @loader_path/Frameworks";
				PRODUCT_BUNDLE_IDENTIFIER = ZhangChengStatus.OrangeStatusUITests;
				PRODUCT_NAME = "$(TARGET_NAME)";
				TEST_TARGET_NAME = OrangeStatus;
				USES_XCTRUNNER = YES;
			};
			name = Release;
		};
/* End XCBuildConfiguration section */

/* Begin XCConfigurationList section */
		378E46111CC8ACFA00DE8EF5 /* Build configuration list for PBXProject "OrangeStatus" */ = {
			isa = XCConfigurationList;
			buildConfigurations = (
				378E46411CC8ACFA00DE8EF5 /* Debug */,
				378E46421CC8ACFA00DE8EF5 /* Release */,
			);
			defaultConfigurationIsVisible = 0;
			defaultConfigurationName = Release;
		};
		378E46431CC8ACFA00DE8EF5 /* Build configuration list for PBXNativeTarget "OrangeStatus" */ = {
			isa = XCConfigurationList;
			buildConfigurations = (
				378E46441CC8ACFA00DE8EF5 /* Debug */,
				378E46451CC8ACFA00DE8EF5 /* Release */,
			);
			defaultConfigurationIsVisible = 0;
			defaultConfigurationName = Release;
		};
		378E46461CC8ACFA00DE8EF5 /* Build configuration list for PBXNativeTarget "OrangeStatusTests" */ = {
			isa = XCConfigurationList;
			buildConfigurations = (
				378E46471CC8ACFA00DE8EF5 /* Debug */,
				378E46481CC8ACFA00DE8EF5 /* Release */,
			);
			defaultConfigurationIsVisible = 0;
			defaultConfigurationName = Release;
		};
		378E46491CC8ACFA00DE8EF5 /* Build configuration list for PBXNativeTarget "OrangeStatusUITests" */ = {
			isa = XCConfigurationList;
			buildConfigurations = (
				378E464A1CC8ACFA00DE8EF5 /* Debug */,
				378E464B1CC8ACFA00DE8EF5 /* Release */,
			);
			defaultConfigurationIsVisible = 0;
			defaultConfigurationName = Release;
		};
/* End XCConfigurationList section */
	};
	rootObject = 378E460E1CC8ACFA00DE8EF5 /* Project object */;
}
